
Microsoft Visual Studio Solution File, Format Version 12.00
# Visual Studio Version 17
VisualStudioVersion = 17.3.32825.248
MinimumVisualStudioVersion = 10.0.40219.1
Project("{FAE04EC0-301F-11D3-BF4B-00C04F79EFBC}") = "6.Task_7", "6.Task_7.csproj", "{10B8F3EF-F7C3-4439-8C3D-3A716DD4D0DA}"
EndProject
Global
	GlobalSection(SolutionConfigurationPlatforms) = preSolution
		Debug|Any CPU = Debug|Any CPU
		Release|Any CPU = Release|Any CPU
	EndGlobalSection
	GlobalSection(ProjectConfigurationPlatforms) = postSolution
		{10B8F3EF-F7C3-4439-8C3D-3A716DD4D0DA}.Debug|Any CPU.ActiveCfg = Debug|Any CPU
		{10B8F3EF-F7C3-4439-8C3D-3A716DD4D0DA}.Debug|Any CPU.Build.0 = Debug|Any CPU
		{10B8F3EF-F7C3-4439-8C3D-3A716DD4D0DA}.Release|Any CPU.ActiveCfg = Release|Any CPU
		{10B8F3EF-F7C3-4439-8C3D-3A716DD4D0DA}.Release|Any CPU.Build.0 = Release|Any CPU
	EndGlobalSection
	GlobalSection(SolutionProperties) = preSolution
		HideSolutionNode = FALSE
	EndGlobalSection
	GlobalSection(ExtensibilityGlobals) = postSolution
		SolutionGuid = {22ADD70A-005A-4D9A-9B67-365841C8C167}
	EndGlobalSection
EndGlobal
