
Microsoft Visual Studio Solution File, Format Version 12.00
# Visual Studio Version 17
VisualStudioVersion = 17.3.32825.248
MinimumVisualStudioVersion = 10.0.40219.1
Project("{FAE04EC0-301F-11D3-BF4B-00C04F79EFBC}") = "6.Task_6", "6.Task_6.csproj", "{0E54A04B-B6B5-4051-8D91-4E794E973292}"
EndProject
Global
	GlobalSection(SolutionConfigurationPlatforms) = preSolution
		Debug|Any CPU = Debug|Any CPU
		Release|Any CPU = Release|Any CPU
	EndGlobalSection
	GlobalSection(ProjectConfigurationPlatforms) = postSolution
		{0E54A04B-B6B5-4051-8D91-4E794E973292}.Debug|Any CPU.ActiveCfg = Debug|Any CPU
		{0E54A04B-B6B5-4051-8D91-4E794E973292}.Debug|Any CPU.Build.0 = Debug|Any CPU
		{0E54A04B-B6B5-4051-8D91-4E794E973292}.Release|Any CPU.ActiveCfg = Release|Any CPU
		{0E54A04B-B6B5-4051-8D91-4E794E973292}.Release|Any CPU.Build.0 = Release|Any CPU
	EndGlobalSection
	GlobalSection(SolutionProperties) = preSolution
		HideSolutionNode = FALSE
	EndGlobalSection
	GlobalSection(ExtensibilityGlobals) = postSolution
		SolutionGuid = {BDC5E83A-F33B-46B8-A7A8-1CFD2F14AEA7}
	EndGlobalSection
EndGlobal
