
Microsoft Visual Studio Solution File, Format Version 12.00
# Visual Studio Version 17
VisualStudioVersion = 17.6.33815.320
MinimumVisualStudioVersion = 10.0.40219.1
Project("{FAE04EC0-301F-11D3-BF4B-00C04F79EFBC}") = "6.Task_10", "6.Task_10.csproj", "{140A60BB-14F5-4E55-A855-E58113AE975C}"
EndProject
Global
	GlobalSection(SolutionConfigurationPlatforms) = preSolution
		Debug|Any CPU = Debug|Any CPU
		Release|Any CPU = Release|Any CPU
	EndGlobalSection
	GlobalSection(ProjectConfigurationPlatforms) = postSolution
		{140A60BB-14F5-4E55-A855-E58113AE975C}.Debug|Any CPU.ActiveCfg = Debug|Any CPU
		{140A60BB-14F5-4E55-A855-E58113AE975C}.Debug|Any CPU.Build.0 = Debug|Any CPU
		{140A60BB-14F5-4E55-A855-E58113AE975C}.Release|Any CPU.ActiveCfg = Release|Any CPU
		{140A60BB-14F5-4E55-A855-E58113AE975C}.Release|Any CPU.Build.0 = Release|Any CPU
	EndGlobalSection
	GlobalSection(SolutionProperties) = preSolution
		HideSolutionNode = FALSE
	EndGlobalSection
	GlobalSection(ExtensibilityGlobals) = postSolution
		SolutionGuid = {58705F14-5769-4AA1-8E6E-B51961921252}
	EndGlobalSection
EndGlobal
